dependencies:
  espressif/idf_swift:
    component_hash: 149ed85949152cc07de65d8247307e84d727736d9f7d77a4b4d8a3301a6edcc7
    dependencies:
    - name: idf
      require: private
      version: '>=5.4'
    source:
      registry_url: https://components.espressif.com/
      type: service
    version: 1.0.1
  idf:
    source:
      type: idf
    version: 5.4.0
direct_dependencies:
- espressif/idf_swift
manifest_hash: 758bd85ced25a498ef161f890a851572a9eb0134f9c2a8a4cbeb5386f7378116
target: esp32c6
version: 2.0.0
