{
  "object": {
    "pins": [
      {
        "package": "CoatySwift",
        "repositoryURL": "https://github.com/coatyio/coaty-swift.git",
        "state": {
          "branch": null,
          "revision": "20a97b29832758fb771ac79fd5f7ae36cff69403",
          "version": null
        }
      },
      {
        "package": "CocoaMQTT",
        "repositoryURL": "https://github.com/emqx/CocoaMQTT",
        "state": {
          "branch": null,
          "revision": "05037d3e09810e1121fca5ed9ab6346d7c0b2456",
          "version": "2.3.0"
        }
      },
      {
        "package": "MqttCocoaAsyncSocket",
        "repositoryURL": "https://github.com/leeway1208/MqttCocoaAsyncSocket",
        "state": {
          "branch": null,
          "revision": "ce3e18607fd01079495f86ff6195d8a3ca469f73",
          "version": "1.0.8"
        }
      },
      {
        "package": "RxSwift",
        "repositoryURL": "https://github.com/ReactiveX/RxSwift.git",
        "state": {
          "branch": null,
          "revision": "cec68169a048a079f461ba203fe85636548d7a89",
          "version": "5.1.3"
        }
      },
      {
        "package": "Starscream",
        "repositoryURL": "https://github.com/daltoniam/Starscream.git",
        "state": {
          "branch": null,
          "revision": "c6bfd1af48efcc9a9ad203665db12375ba6b145a",
          "version": "4.0.8"
        }
      },
      {
        "package": "XCGLogger",
        "repositoryURL": "https://github.com/DaveWoodCom/XCGLogger.git",
        "state": {
          "branch": null,
          "revision": "4def3c1c772ca90ad5e7bfc8ac437c3b0b4276cf",
          "version": "7.1.5"
        }
      }
    ]
  },
  "version": 1
}
